
Microsoft Visual Studio Solution File, Format Version 12.00
# Visual Studio 2013
VisualStudioVersion = 12.0.21005.1
MinimumVisualStudioVersion = 10.0.40219.1
Project("{2150E333-8FDC-42A3-9474-1A3956D46DE8}") = ".nuget", ".nuget", "{5A22B65D-AA1C-4372-A39D-79621B519F42}"
	ProjectSection(SolutionItems) = preProject
		.nuget\packages.config = .nuget\packages.config
	EndProjectSection
EndProject
Project("{FAE04EC0-301F-11D3-BF4B-00C04F79EFBC}") = "Escc.EastSussexGovUK.AzureDeployment.ConfigTransform", "Escc.EastSussexGovUK.AzureDeployment.ConfigTransform\Escc.EastSussexGovUK.AzureDeployment.ConfigTransform.csproj", "{B58AF23F-C616-472A-BBEA-6A80CD34354B}"
EndProject
Global
	GlobalSection(SolutionConfigurationPlatforms) = preSolution
		Debug|Any CPU = Debug|Any CPU
		Release|Any CPU = Release|Any CPU
	EndGlobalSection
	GlobalSection(ProjectConfigurationPlatforms) = postSolution
		{B58AF23F-C616-472A-BBEA-6A80CD34354B}.Debug|Any CPU.ActiveCfg = Debug|Any CPU
		{B58AF23F-C616-472A-BBEA-6A80CD34354B}.Debug|Any CPU.Build.0 = Debug|Any CPU
		{B58AF23F-C616-472A-BBEA-6A80CD34354B}.Release|Any CPU.ActiveCfg = Release|Any CPU
		{B58AF23F-C616-472A-BBEA-6A80CD34354B}.Release|Any CPU.Build.0 = Release|Any CPU
	EndGlobalSection
	GlobalSection(SolutionProperties) = preSolution
		HideSolutionNode = FALSE
	EndGlobalSection
EndGlobal
